
Microsoft Visual Studio Solution File, Format Version 12.00
# Visual Studio Version 16
VisualStudioVersion = 16.0.31005.135
MinimumVisualStudioVersion = 10.0.40219.1
Project("{FAE04EC0-301F-11D3-BF4B-00C04F79EFBC}") = "AspWebPro", "AspWebPro\AspWebPro.csproj", "{4004B9DF-B4A1-4F04-A79A-975138F5881F}"
EndProject
Global
	GlobalSection(SolutionConfigurationPlatforms) = preSolution
		Debug|Any CPU = Debug|Any CPU
		Release|Any CPU = Release|Any CPU
	EndGlobalSection
	GlobalSection(ProjectConfigurationPlatforms) = postSolution
		{4004B9DF-B4A1-4F04-A79A-975138F5881F}.Debug|Any CPU.ActiveCfg = Debug|Any CPU
		{4004B9DF-B4A1-4F04-A79A-975138F5881F}.Debug|Any CPU.Build.0 = Debug|Any CPU
		{4004B9DF-B4A1-4F04-A79A-975138F5881F}.Release|Any CPU.ActiveCfg = Release|Any CPU
		{4004B9DF-B4A1-4F04-A79A-975138F5881F}.Release|Any CPU.Build.0 = Release|Any CPU
	EndGlobalSection
	GlobalSection(SolutionProperties) = preSolution
		HideSolutionNode = FALSE
	EndGlobalSection
	GlobalSection(ExtensibilityGlobals) = postSolution
		SolutionGuid = {0BF4557A-4396-443A-9C16-9F1A365E2D1D}
	EndGlobalSection
EndGlobal
